
Microsoft Visual Studio Solution File, Format Version 12.00
# Visual Studio Version 16
VisualStudioVersion = 16.0.30114.105
MinimumVisualStudioVersion = 10.0.40219.1
Project("{FAE04EC0-301F-11D3-BF4B-00C04F79EFBC}") = "jsWorld", "jsWorld\jsWorld.csproj", "{D64205B8-351C-4F03-8FEA-CF9AA966F556}"
EndProject
Global
	GlobalSection(SolutionConfigurationPlatforms) = preSolution
		Debug|Any CPU = Debug|Any CPU
		Release|Any CPU = Release|Any CPU
	EndGlobalSection
	GlobalSection(ProjectConfigurationPlatforms) = postSolution
		{D64205B8-351C-4F03-8FEA-CF9AA966F556}.Debug|Any CPU.ActiveCfg = Debug|Any CPU
		{D64205B8-351C-4F03-8FEA-CF9AA966F556}.Debug|Any CPU.Build.0 = Debug|Any CPU
		{D64205B8-351C-4F03-8FEA-CF9AA966F556}.Release|Any CPU.ActiveCfg = Release|Any CPU
		{D64205B8-351C-4F03-8FEA-CF9AA966F556}.Release|Any CPU.Build.0 = Release|Any CPU
	EndGlobalSection
	GlobalSection(SolutionProperties) = preSolution
		HideSolutionNode = FALSE
	EndGlobalSection
	GlobalSection(ExtensibilityGlobals) = postSolution
		SolutionGuid = {01CB612A-3B31-4625-A606-18C2558DBBC2}
	EndGlobalSection
EndGlobal
