
Microsoft Visual Studio Solution File, Format Version 12.00
# Visual Studio Version 16
VisualStudioVersion = 16.0.30114.105
MinimumVisualStudioVersion = 10.0.40219.1
Project("{FAE04EC0-301F-11D3-BF4B-00C04F79EFBC}") = "jsWorld", "jsWorld\jsWorld.csproj", "{DA6F86E3-CF8E-497F-B6EB-8E5F3221D9CC}"
EndProject
Global
	GlobalSection(SolutionConfigurationPlatforms) = preSolution
		Debug|Any CPU = Debug|Any CPU
		Release|Any CPU = Release|Any CPU
	EndGlobalSection
	GlobalSection(ProjectConfigurationPlatforms) = postSolution
		{DA6F86E3-CF8E-497F-B6EB-8E5F3221D9CC}.Debug|Any CPU.ActiveCfg = Debug|Any CPU
		{DA6F86E3-CF8E-497F-B6EB-8E5F3221D9CC}.Debug|Any CPU.Build.0 = Debug|Any CPU
		{DA6F86E3-CF8E-497F-B6EB-8E5F3221D9CC}.Release|Any CPU.ActiveCfg = Release|Any CPU
		{DA6F86E3-CF8E-497F-B6EB-8E5F3221D9CC}.Release|Any CPU.Build.0 = Release|Any CPU
	EndGlobalSection
	GlobalSection(SolutionProperties) = preSolution
		HideSolutionNode = FALSE
	EndGlobalSection
	GlobalSection(ExtensibilityGlobals) = postSolution
		SolutionGuid = {F16CB41C-9C5C-43E0-B1FC-A6ECAB590104}
	EndGlobalSection
EndGlobal
